# This file is automatically @generated by Cargo.
# It is not intended for manual editing.
[[package]]
name = "d6"
version = "0.1.0"
dependencies = [
 "trees 0.2.1 (registry+https://github.com/rust-lang/crates.io-index)",
]

[[package]]
name = "indexed"
version = "0.1.1"
source = "registry+https://github.com/rust-lang/crates.io-index"

[[package]]
name = "trees"
version = "0.2.1"
source = "registry+https://github.com/rust-lang/crates.io-index"
dependencies = [
 "indexed 0.1.1 (registry+https://github.com/rust-lang/crates.io-index)",
]

[metadata]
"checksum indexed 0.1.1 (registry+https://github.com/rust-lang/crates.io-index)" = "d480125acf340d6a6e59dab69ae19d6fca3a906e1eade277671272cc8f73794b"
"checksum trees 0.2.1 (registry+https://github.com/rust-lang/crates.io-index)" = "afa1821e85be4f56cc5bd08bdbc32c0e26d105c90bed9c637992f6c7f747c180"
